
Microsoft Visual Studio Solution File, Format Version 12.00
# Visual Studio 15
VisualStudioVersion = 15.0.27703.2035
MinimumVisualStudioVersion = 10.0.40219.1
Project("{FAE04EC0-301F-11D3-BF4B-00C04F79EFBC}") = "CustomAuthenticationMVC", "CustomAuthenticationMVC\CustomAuthenticationMVC.csproj", "{2E591374-7894-4FE3-B483-59F18338426A}"
EndProject
Global
	GlobalSection(SolutionConfigurationPlatforms) = preSolution
		Debug|Any CPU = Debug|Any CPU
		Release|Any CPU = Release|Any CPU
	EndGlobalSection
	GlobalSection(ProjectConfigurationPlatforms) = postSolution
		{2E591374-7894-4FE3-B483-59F18338426A}.Debug|Any CPU.ActiveCfg = Debug|Any CPU
		{2E591374-7894-4FE3-B483-59F18338426A}.Debug|Any CPU.Build.0 = Debug|Any CPU
		{2E591374-7894-4FE3-B483-59F18338426A}.Release|Any CPU.ActiveCfg = Release|Any CPU
		{2E591374-7894-4FE3-B483-59F18338426A}.Release|Any CPU.Build.0 = Release|Any CPU
	EndGlobalSection
	GlobalSection(SolutionProperties) = preSolution
		HideSolutionNode = FALSE
	EndGlobalSection
	GlobalSection(ExtensibilityGlobals) = postSolution
		SolutionGuid = {FB5B444E-49FE-4DD5-BE28-21F0DE790E0F}
	EndGlobalSection
EndGlobal
